{
  "version": 4,
  "terraform_version": "1.9.5",
  "serial": 94,
  "lineage": "818357da-3195-6562-b007-432d5b70d376",
  "outputs": {},
  "resources": [
    {
      "mode": "data",
      "type": "aws_ses_email_identity",
      "name": "ses",
      "provider": "provider[\"registry.terraform.io/hashicorp/aws\"]",
      "instances": [
        {
          "schema_version": 0,
          "attributes": {
            "arn": "arn:aws:ses:ap-northeast-1:294515681822:identity/verify@in4.me",
            "email": "verify@in4.me",
            "id": "verify@in4.me"
          },
          "sensitive_attributes": []
        }
      ]
    },
    {
      "mode": "managed",
      "type": "aws_cognito_user",
      "name": "test1",
      "provider": "provider[\"registry.terraform.io/hashicorp/aws\"]",
      "instances": [
        {
          "schema_version": 0,
          "attributes": {
            "attributes": {
              "email": "test1@in4.me",
              "email_verified": "true",
              "sub": "a7740a18-80a1-7090-c9a1-8c1e2c8f2850"
            },
            "client_metadata": null,
            "creation_date": "2025-03-14T02:45:43Z",
            "desired_delivery_mediums": null,
            "enabled": true,
            "force_alias_creation": null,
            "id": "ap-northeast-1_NPWyfJNAy/test1@in4.me",
            "last_modified_date": "2025-03-14T02:48:44Z",
            "message_action": null,
            "mfa_setting_list": [
              "SOFTWARE_TOKEN_MFA"
            ],
            "password": null,
            "preferred_mfa_setting": "",
            "status": "CONFIRMED",
            "sub": "a7740a18-80a1-7090-c9a1-8c1e2c8f2850",
            "temporary_password": "#test1234",
            "user_pool_id": "ap-northeast-1_NPWyfJNAy",
            "username": "test1@in4.me",
            "validation_data": null
          },
          "sensitive_attributes": [
            [
              {
                "type": "get_attr",
                "value": "temporary_password"
              }
            ],
            [
              {
                "type": "get_attr",
                "value": "password"
              }
            ]
          ],
          "private": "bnVsbA==",
          "dependencies": [
            "aws_cognito_user_pool.user_pool",
            "data.aws_ses_email_identity.ses"
          ]
        }
      ]
    },
    {
      "mode": "managed",
      "type": "aws_cognito_user_pool",
      "name": "user_pool",
      "provider": "provider[\"registry.terraform.io/hashicorp/aws\"]",
      "instances": [
        {
          "schema_version": 0,
          "attributes": {
            "account_recovery_setting": [
              {
                "recovery_mechanism": [
                  {
                    "name": "verified_email",
                    "priority": 1
                  }
                ]
              }
            ],
            "admin_create_user_config": [
              {
                "allow_admin_create_user_only": false,
                "invite_message_template": [
                  {
                    "email_message": "Invitation to join our awesome app.\u003cbr\u003e\nYour username is {username} and temporary password is {####}.\n",
                    "email_subject": "Invitation to join our awesome app",
                    "sms_message": "Your username is {username} and temporary password is {####}."
                  }
                ]
              }
            ],
            "alias_attributes": null,
            "arn": "arn:aws:cognito-idp:ap-northeast-1:294515681822:userpool/ap-northeast-1_NPWyfJNAy",
            "auto_verified_attributes": [
              "email"
            ],
            "creation_date": "2025-03-14T02:45:42Z",
            "custom_domain": "",
            "deletion_protection": "ACTIVE",
            "device_configuration": [
              {
                "challenge_required_on_new_device": true,
                "device_only_remembered_on_user_prompt": true
              }
            ],
            "domain": "usermgr-test",
            "email_configuration": [
              {
                "configuration_set": "",
                "email_sending_account": "DEVELOPER",
                "from_email_address": "verify@in4.me",
                "reply_to_email_address": "",
                "source_arn": "arn:aws:ses:ap-northeast-1:294515681822:identity/verify@in4.me"
              }
            ],
            "email_mfa_configuration": [
              {
                "message": "Your MFA verification code is {####}.",
                "subject": "Your MFA verification code"
              }
            ],
            "email_verification_message": "Your verification code is {####}.",
            "email_verification_subject": "Your verification code",
            "endpoint": "cognito-idp.ap-northeast-1.amazonaws.com/ap-northeast-1_NPWyfJNAy",
            "estimated_number_of_users": 5,
            "id": "ap-northeast-1_NPWyfJNAy",
            "lambda_config": [],
            "last_modified_date": "2025-03-14T05:32:00Z",
            "mfa_configuration": "OPTIONAL",
            "name": "usermgr-test-users",
            "password_policy": [
              {
                "minimum_length": 8,
                "password_history_size": 0,
                "require_lowercase": true,
                "require_numbers": true,
                "require_symbols": true,
                "require_uppercase": false,
                "temporary_password_validity_days": 7
              }
            ],
            "schema": [],
            "sign_in_policy": [
              {
                "allowed_first_auth_factors": [
                  "EMAIL_OTP",
                  "PASSWORD",
                  "WEB_AUTHN"
                ]
              }
            ],
            "sms_authentication_message": "",
            "sms_configuration": [],
            "sms_verification_message": "Your verification code is {####}.",
            "software_token_mfa_configuration": [
              {
                "enabled": true
              }
            ],
            "tags": {},
            "tags_all": {},
            "user_attribute_update_settings": [],
            "user_pool_add_ons": [],
            "user_pool_tier": "ESSENTIALS",
            "username_attributes": [
              "email"
            ],
            "username_configuration": [
              {
                "case_sensitive": false
              }
            ],
            "verification_message_template": [
              {
                "default_email_option": "CONFIRM_WITH_CODE",
                "email_message": "Your verification code is {####}.",
                "email_message_by_link": "",
                "email_subject": "Your verification code",
                "email_subject_by_link": "",
                "sms_message": "Your verification code is {####}."
              }
            ],
            "web_authn_configuration": []
          },
          "sensitive_attributes": [],
          "private": "bnVsbA==",
          "dependencies": [
            "data.aws_ses_email_identity.ses"
          ]
        }
      ]
    },
    {
      "mode": "managed",
      "type": "awscc_cognito_managed_login_branding",
      "name": "example",
      "provider": "provider[\"registry.terraform.io/hashicorp/awscc\"]",
      "instances": [
        {
          "schema_version": 1,
          "attributes": {
            "assets": null,
            "client_id": "2tnpuri0f79k4e7jgrepflpl6s",
            "id": "ap-northeast-1_NPWyfJNAy|d0931855-18b5-4408-b4f3-8931e43ae8c6",
            "managed_login_branding_id": "d0931855-18b5-4408-b4f3-8931e43ae8c6",
            "return_merged_resources": null,
            "settings": "{}",
            "use_cognito_provided_values": false,
            "user_pool_id": "ap-northeast-1_NPWyfJNAy"
          },
          "sensitive_attributes": [],
          "dependencies": [
            "aws_cognito_user_pool.user_pool",
            "awscc_cognito_user_pool_client.pool_client",
            "data.aws_ses_email_identity.ses"
          ]
        }
      ]
    },
    {
      "mode": "managed",
      "type": "awscc_cognito_user_pool_client",
      "name": "pool_client",
      "provider": "provider[\"registry.terraform.io/hashicorp/awscc\"]",
      "instances": [
        {
          "schema_version": 1,
          "attributes": {
            "access_token_validity": null,
            "allowed_o_auth_flows": [
              "code"
            ],
            "allowed_o_auth_flows_user_pool_client": true,
            "allowed_o_auth_scopes": [
              "openid"
            ],
            "analytics_configuration": null,
            "auth_session_validity": 3,
            "callback_ur_ls": [
              "http://localhost:8080"
            ],
            "client_id": "2tnpuri0f79k4e7jgrepflpl6s",
            "client_name": "usermgr-test-client",
            "client_secret": null,
            "default_redirect_uri": null,
            "enable_propagate_additional_user_context_data": false,
            "enable_token_revocation": true,
            "explicit_auth_flows": [
              "ALLOW_REFRESH_TOKEN_AUTH",
              "ALLOW_USER_PASSWORD_AUTH"
            ],
            "generate_secret": false,
            "id": "ap-northeast-1_NPWyfJNAy|2tnpuri0f79k4e7jgrepflpl6s",
            "id_token_validity": null,
            "logout_ur_ls": [
              "http://localhost:8080"
            ],
            "name": "usermgr-test-client",
            "prevent_user_existence_errors": "ENABLED",
            "read_attributes": null,
            "refresh_token_validity": 30,
            "supported_identity_providers": [
              "COGNITO"
            ],
            "token_validity_units": {
              "access_token": null,
              "id_token": null,
              "refresh_token": null
            },
            "user_pool_id": "ap-northeast-1_NPWyfJNAy",
            "write_attributes": null
          },
          "sensitive_attributes": [],
          "dependencies": [
            "aws_cognito_user_pool.user_pool",
            "data.aws_ses_email_identity.ses"
          ]
        }
      ]
    },
    {
      "mode": "managed",
      "type": "awscc_cognito_user_pool_domain",
      "name": "pool_domain",
      "provider": "provider[\"registry.terraform.io/hashicorp/awscc\"]",
      "instances": [
        {
          "schema_version": 1,
          "attributes": {
            "cloudfront_distribution": "d3vhah7crmmd43.cloudfront.net",
            "custom_domain_config": null,
            "domain": "usermgr-test",
            "id": "ap-northeast-1_NPWyfJNAy|usermgr-test",
            "managed_login_version": 2,
            "user_pool_id": "ap-northeast-1_NPWyfJNAy"
          },
          "sensitive_attributes": [],
          "dependencies": [
            "aws_cognito_user_pool.user_pool",
            "data.aws_ses_email_identity.ses"
          ]
        }
      ]
    }
  ],
  "check_results": null
}
